
Microsoft Visual Studio Solution File, Format Version 12.00
# Visual Studio Version 17
VisualStudioVersion = 17.5.002.0
MinimumVisualStudioVersion = 10.0.40219.1
Project("{9A19103F-16F7-4668-BE54-9A1E7A4F7556}") = "Example001_HelloConsole", "Example001_HelloConsole.csproj", "{E62A71E0-CA55-461D-9059-00C334718FEF}"
EndProject
Global
	GlobalSection(SolutionConfigurationPlatforms) = preSolution
		Debug|Any CPU = Debug|Any CPU
		Release|Any CPU = Release|Any CPU
	EndGlobalSection
	GlobalSection(ProjectConfigurationPlatforms) = postSolution
		{E62A71E0-CA55-461D-9059-00C334718FEF}.Debug|Any CPU.ActiveCfg = Debug|Any CPU
		{E62A71E0-CA55-461D-9059-00C334718FEF}.Debug|Any CPU.Build.0 = Debug|Any CPU
		{E62A71E0-CA55-461D-9059-00C334718FEF}.Release|Any CPU.ActiveCfg = Release|Any CPU
		{E62A71E0-CA55-461D-9059-00C334718FEF}.Release|Any CPU.Build.0 = Release|Any CPU
	EndGlobalSection
	GlobalSection(SolutionProperties) = preSolution
		HideSolutionNode = FALSE
	EndGlobalSection
	GlobalSection(ExtensibilityGlobals) = postSolution
		SolutionGuid = {02AAE0A6-3E0E-433D-97F0-F29485968A4C}
	EndGlobalSection
EndGlobal
